
Microsoft Visual Studio Solution File, Format Version 11.00
# Visual Studio 2010
Project("{F184B08F-C81C-45F6-A57F-5ABD9991F28F}") = "Tech-Galaxy-App", "Tech-Galaxy-App\Tech-Galaxy-App.vbproj", "{8571AD92-089F-404A-8570-8D084035F475}"
EndProject
Global
	GlobalSection(SolutionConfigurationPlatforms) = preSolution
		Debug|x86 = Debug|x86
		Release|x86 = Release|x86
	EndGlobalSection
	GlobalSection(ProjectConfigurationPlatforms) = postSolution
		{8571AD92-089F-404A-8570-8D084035F475}.Debug|x86.ActiveCfg = Debug|x86
		{8571AD92-089F-404A-8570-8D084035F475}.Debug|x86.Build.0 = Debug|x86
		{8571AD92-089F-404A-8570-8D084035F475}.Release|x86.ActiveCfg = Release|x86
		{8571AD92-089F-404A-8570-8D084035F475}.Release|x86.Build.0 = Release|x86
	EndGlobalSection
	GlobalSection(SolutionProperties) = preSolution
		HideSolutionNode = FALSE
	EndGlobalSection
EndGlobal
